
Microsoft Visual Studio Solution File, Format Version 12.00
# Visual Studio 15
VisualStudioVersion = 15.0.28307.572
MinimumVisualStudioVersion = 10.0.40219.1
Project("{2150E333-8FDC-42A3-9474-1A3956D46DE8}") = "Infrastructure", "Infrastructure", "{431CA0F9-DA08-4062-AB09-E5E39819FB0B}"
EndProject
Project("{9A19103F-16F7-4668-BE54-9A1E7A4F7556}") = "ByndyuSoft.Testwork.UnitTests", "ByndyuSoft.Testwork.UnitTests\ByndyuSoft.Testwork.UnitTests.csproj", "{BCB6988C-C09C-47E4-9240-C12CB042FEBF}"
EndProject
Project("{9A19103F-16F7-4668-BE54-9A1E7A4F7556}") = "Calculator", "Infrastructure\Calculator\Calculator.csproj", "{93D925F9-7243-462C-87A9-38158DA496C1}"
EndProject
Global
	GlobalSection(SolutionConfigurationPlatforms) = preSolution
		Debug|Any CPU = Debug|Any CPU
		Release|Any CPU = Release|Any CPU
	EndGlobalSection
	GlobalSection(ProjectConfigurationPlatforms) = postSolution
		{BCB6988C-C09C-47E4-9240-C12CB042FEBF}.Debug|Any CPU.ActiveCfg = Debug|Any CPU
		{BCB6988C-C09C-47E4-9240-C12CB042FEBF}.Debug|Any CPU.Build.0 = Debug|Any CPU
		{BCB6988C-C09C-47E4-9240-C12CB042FEBF}.Release|Any CPU.ActiveCfg = Release|Any CPU
		{BCB6988C-C09C-47E4-9240-C12CB042FEBF}.Release|Any CPU.Build.0 = Release|Any CPU
		{93D925F9-7243-462C-87A9-38158DA496C1}.Debug|Any CPU.ActiveCfg = Debug|Any CPU
		{93D925F9-7243-462C-87A9-38158DA496C1}.Debug|Any CPU.Build.0 = Debug|Any CPU
		{93D925F9-7243-462C-87A9-38158DA496C1}.Release|Any CPU.ActiveCfg = Release|Any CPU
		{93D925F9-7243-462C-87A9-38158DA496C1}.Release|Any CPU.Build.0 = Release|Any CPU
	EndGlobalSection
	GlobalSection(SolutionProperties) = preSolution
		HideSolutionNode = FALSE
	EndGlobalSection
	GlobalSection(NestedProjects) = preSolution
		{93D925F9-7243-462C-87A9-38158DA496C1} = {431CA0F9-DA08-4062-AB09-E5E39819FB0B}
	EndGlobalSection
	GlobalSection(ExtensibilityGlobals) = postSolution
		SolutionGuid = {38FE999E-4457-4228-8530-7E2BEEBBE7EA}
	EndGlobalSection
EndGlobal
